<?xml version="1.0" encoding="utf-8"?>
<Project ToolsVersion="4.0" xmlns="http://schemas.microsoft.com/developer/msbuild/2003">
  <ItemGroup>
    <Filter Include="assets">
      <UniqueIdentifier>{2fab6d33-3ab1-4648-8ac5-6e7ea2956bbf}</UniqueIdentifier>
    </Filter>
  </ItemGroup>
  <ItemGroup>
    <ClCompile Include="fontbase.cpp" />
    <ClCompile Include="fontanalog.cpp" />
    <ClCompile Include="fonthdzero.cpp" />
    <ClCompile Include="fontwalksnail.cpp" />
    <ClCompile Include="graph.cpp" />
    <ClCompile Include="main.cpp" />
    <ClCompile Include="menu.cpp" />
    <ClCompile Include="msp.cpp" />
    <ClCompile Include="osd.cpp" />
    <ClCompile Include="serial.cpp" />
    <ClCompile Include="simData.cpp" />
    <ClCompile Include="stats.cpp" />
    <ClCompile Include="sound.cpp" />
    <ClCompile Include="util.cpp" />
    <ClCompile Include="map.cpp" />
    <ClCompile Include="fontwtfos.cpp" />
    <ClCompile Include="serialbase.cpp" />
    <ClCompile Include="tcpserial.cpp" />
    <ClCompile Include="ipinputwidget.cpp" />
    <ClCompile Include="stb\stbi_image.cpp" />
    <ClCompile Include="osdRenderer.cpp" />
    <ClCompile Include="shader.cpp" />
  </ItemGroup>
  <ItemGroup>
    <ClInclude Include="config.h" />
    <ClInclude Include="fontbase.h" />
    <ClInclude Include="fontanalog.h" />
    <ClInclude Include="fonthdzero.h" />
    <ClInclude Include="fontwalksnail.h" />
    <ClInclude Include="graph.h" />
    <ClInclude Include="menu.h" />
    <ClInclude Include="msp.h" />
    <ClInclude Include="osd.h" />
    <ClInclude Include="serial.h" />
    <ClInclude Include="simData.h" />
    <ClInclude Include="stats.h" />
    <ClInclude Include="util.h" />
    <ClInclude Include="sound.h" />
    <ClInclude Include="map.h" />
    <ClInclude Include="fontwtfos.h" />
    <ClInclude Include="serialbase.h" />
    <ClInclude Include="tcpserial.h" />
    <ClInclude Include="ipinputwidget.h" />
    <ClInclude Include="stb\stb_image.h" />
    <ClInclude Include="osdRenderer.h" />
    <ClInclude Include="shader.h" />
    <ClInclude Include="GL\glew.h" />
  </ItemGroup>
</Project>